{
  "name": "voidash.github.io",
  "lockfileVersion": 3,
  "requires": true,
  "packages": {
    "": {
      "dependencies": {
        "draggable": "^4.2.0"
      }
    },
    "node_modules/draggable": {
      "version": "4.2.0",
      "resolved": "https://registry.npmjs.org/draggable/-/draggable-4.2.0.tgz",
      "integrity": "sha512-mu0FSsNY1Sb2q3EuAi3IBI6oVMV8l74y6xxYmloHq2/PJjOJEfpZCLGShzNUQKAF7JMfxA6ejxoGPyw5x6v8Ow=="
    }
  }
}
